
Microsoft Visual Studio Solution File, Format Version 12.00
# Visual Studio Version 17
VisualStudioVersion = 17.2.32616.157
MinimumVisualStudioVersion = 10.0.40219.1
Project("{9A19103F-16F7-4668-BE54-9A1E7A4F7556}") = "HW14_3_3", "HW14.3.3\HW14_3_3.csproj", "{DC74C7FC-1582-444E-B383-E61324283F4F}"
EndProject
Global
	GlobalSection(SolutionConfigurationPlatforms) = preSolution
		Debug|Any CPU = Debug|Any CPU
		Release|Any CPU = Release|Any CPU
	EndGlobalSection
	GlobalSection(ProjectConfigurationPlatforms) = postSolution
		{DC74C7FC-1582-444E-B383-E61324283F4F}.Debug|Any CPU.ActiveCfg = Debug|Any CPU
		{DC74C7FC-1582-444E-B383-E61324283F4F}.Debug|Any CPU.Build.0 = Debug|Any CPU
		{DC74C7FC-1582-444E-B383-E61324283F4F}.Release|Any CPU.ActiveCfg = Release|Any CPU
		{DC74C7FC-1582-444E-B383-E61324283F4F}.Release|Any CPU.Build.0 = Release|Any CPU
	EndGlobalSection
	GlobalSection(SolutionProperties) = preSolution
		HideSolutionNode = FALSE
	EndGlobalSection
	GlobalSection(ExtensibilityGlobals) = postSolution
		SolutionGuid = {EB36EFC6-3946-42AE-8999-8FE65734D211}
	EndGlobalSection
EndGlobal
